
Microsoft Visual Studio Solution File, Format Version 12.00
# Visual Studio Version 16
VisualStudioVersion = 16.0.30503.244
MinimumVisualStudioVersion = 10.0.40219.1
Project("{FAE04EC0-301F-11D3-BF4B-00C04F79EFBC}") = "htmldownl", "htmldownl\htmldownl.csproj", "{3C3D39DB-343E-4D64-84EF-5E50296403E7}"
EndProject
Global
	GlobalSection(SolutionConfigurationPlatforms) = preSolution
		Debug|Any CPU = Debug|Any CPU
		Release|Any CPU = Release|Any CPU
	EndGlobalSection
	GlobalSection(ProjectConfigurationPlatforms) = postSolution
		{3C3D39DB-343E-4D64-84EF-5E50296403E7}.Debug|Any CPU.ActiveCfg = Debug|Any CPU
		{3C3D39DB-343E-4D64-84EF-5E50296403E7}.Debug|Any CPU.Build.0 = Debug|Any CPU
		{3C3D39DB-343E-4D64-84EF-5E50296403E7}.Release|Any CPU.ActiveCfg = Release|Any CPU
		{3C3D39DB-343E-4D64-84EF-5E50296403E7}.Release|Any CPU.Build.0 = Release|Any CPU
	EndGlobalSection
	GlobalSection(SolutionProperties) = preSolution
		HideSolutionNode = FALSE
	EndGlobalSection
	GlobalSection(ExtensibilityGlobals) = postSolution
		SolutionGuid = {C0AE7CBD-47C5-4E0B-9689-153AB30316BF}
	EndGlobalSection
EndGlobal
